
Microsoft Visual Studio Solution File, Format Version 12.00
# Visual Studio 15
VisualStudioVersion = 15.0.28307.106
MinimumVisualStudioVersion = 10.0.40219.1
Project("{FAE04EC0-301F-11D3-BF4B-00C04F79EFBC}") = "CoreWebApp", "CoreWebApp\CoreWebApp.csproj", "{C91EA53D-010B-486C-8B88-A536D7AC6E28}"
EndProject
Global
	GlobalSection(SolutionConfigurationPlatforms) = preSolution
		Debug|Any CPU = Debug|Any CPU
		Release|Any CPU = Release|Any CPU
	EndGlobalSection
	GlobalSection(ProjectConfigurationPlatforms) = postSolution
		{C91EA53D-010B-486C-8B88-A536D7AC6E28}.Debug|Any CPU.ActiveCfg = Debug|Any CPU
		{C91EA53D-010B-486C-8B88-A536D7AC6E28}.Debug|Any CPU.Build.0 = Debug|Any CPU
		{C91EA53D-010B-486C-8B88-A536D7AC6E28}.Release|Any CPU.ActiveCfg = Release|Any CPU
		{C91EA53D-010B-486C-8B88-A536D7AC6E28}.Release|Any CPU.Build.0 = Release|Any CPU
	EndGlobalSection
	GlobalSection(SolutionProperties) = preSolution
		HideSolutionNode = FALSE
	EndGlobalSection
	GlobalSection(ExtensibilityGlobals) = postSolution
		SolutionGuid = {E26C38E5-ADA9-4046-BC30-55D1FB99D669}
	EndGlobalSection
EndGlobal
